Microsoft Visual Studio Solution File, Format Version 12.00
# Visual Studio Version 17
VisualStudioVersion = 17.13.35825.156
MinimumVisualStudioVersion = 10.0.40219.1
Project("{FAE04EC0-301F-11D3-BF4B-00C04F79EFBC}") = "IntegrativeProg", "IntegrativeProg.csproj", "{5E4D027D-615E-9DC7-60D4-0D84F5B41471}"
EndProject
Global
	GlobalSection(SolutionConfigurationPlatforms) = preSolution
		Debug|Any CPU = Debug|Any CPU
		Release|Any CPU = Release|Any CPU
	EndGlobalSection
	GlobalSection(ProjectConfigurationPlatforms) = postSolution
		{5E4D027D-615E-9DC7-60D4-0D84F5B41471}.Debug|Any CPU.ActiveCfg = Debug|Any CPU
		{5E4D027D-615E-9DC7-60D4-0D84F5B41471}.Debug|Any CPU.Build.0 = Debug|Any CPU
		{5E4D027D-615E-9DC7-60D4-0D84F5B41471}.Release|Any CPU.ActiveCfg = Release|Any CPU
		{5E4D027D-615E-9DC7-60D4-0D84F5B41471}.Release|Any CPU.Build.0 = Release|Any CPU
	EndGlobalSection
	GlobalSection(SolutionProperties) = preSolution
		HideSolutionNode = FALSE
	EndGlobalSection
	GlobalSection(ExtensibilityGlobals) = postSolution
		SolutionGuid = {D42915A6-D5D4-490C-8F55-08F7D12B5BA4}
	EndGlobalSection
EndGlobal
