Microsoft Visual Studio Solution File, Format Version 12.00
# Visual Studio Version 17
VisualStudioVersion = 17.13.35825.156
MinimumVisualStudioVersion = 10.0.40219.1
Project("{FAE04EC0-301F-11D3-BF4B-00C04F79EFBC}") = "CampingDeck", "CampingDeck.csproj", "{F50B0D2D-9195-4278-A353-9A5232967334}"
EndProject
Project("{FAE04EC0-301F-11D3-BF4B-00C04F79EFBC}") = "CampingDeckBL", "..\CampingDeckBL\CampingDeckBL.csproj", "{3E062783-FB70-4B6A-A852-A105C4B278FD}"
EndProject
Project("{FAE04EC0-301F-11D3-BF4B-00C04F79EFBC}") = "CampingDeckDL", "..\CampingDeckDL\CampingDeckDL.csproj", "{C90174D4-9969-4D81-84C6-96383D8C0A88}"
EndProject
Project("{FAE04EC0-301F-11D3-BF4B-00C04F79EFBC}") = "RentalCommon", "..\RentalCommon\RentalCommon.csproj", "{A49F7E1F-62BA-45E0-88D4-501037FBBFB4}"
EndProject
Global
	GlobalSection(SolutionConfigurationPlatforms) = preSolution
		Debug|Any CPU = Debug|Any CPU
		Release|Any CPU = Release|Any CPU
	EndGlobalSection
	GlobalSection(ProjectConfigurationPlatforms) = postSolution
		{F50B0D2D-9195-4278-A353-9A5232967334}.Debug|Any CPU.ActiveCfg = Debug|Any CPU
		{F50B0D2D-9195-4278-A353-9A5232967334}.Debug|Any CPU.Build.0 = Debug|Any CPU
		{F50B0D2D-9195-4278-A353-9A5232967334}.Release|Any CPU.ActiveCfg = Release|Any CPU
		{F50B0D2D-9195-4278-A353-9A5232967334}.Release|Any CPU.Build.0 = Release|Any CPU
		{3E062783-FB70-4B6A-A852-A105C4B278FD}.Debug|Any CPU.ActiveCfg = Debug|Any CPU
		{3E062783-FB70-4B6A-A852-A105C4B278FD}.Debug|Any CPU.Build.0 = Debug|Any CPU
		{3E062783-FB70-4B6A-A852-A105C4B278FD}.Release|Any CPU.ActiveCfg = Release|Any CPU
		{3E062783-FB70-4B6A-A852-A105C4B278FD}.Release|Any CPU.Build.0 = Release|Any CPU
		{C90174D4-9969-4D81-84C6-96383D8C0A88}.Debug|Any CPU.ActiveCfg = Debug|Any CPU
		{C90174D4-9969-4D81-84C6-96383D8C0A88}.Debug|Any CPU.Build.0 = Debug|Any CPU
		{C90174D4-9969-4D81-84C6-96383D8C0A88}.Release|Any CPU.ActiveCfg = Release|Any CPU
		{C90174D4-9969-4D81-84C6-96383D8C0A88}.Release|Any CPU.Build.0 = Release|Any CPU
		{A49F7E1F-62BA-45E0-88D4-501037FBBFB4}.Debug|Any CPU.ActiveCfg = Debug|Any CPU
		{A49F7E1F-62BA-45E0-88D4-501037FBBFB4}.Debug|Any CPU.Build.0 = Debug|Any CPU
		{A49F7E1F-62BA-45E0-88D4-501037FBBFB4}.Release|Any CPU.ActiveCfg = Release|Any CPU
		{A49F7E1F-62BA-45E0-88D4-501037FBBFB4}.Release|Any CPU.Build.0 = Release|Any CPU
	EndGlobalSection
	GlobalSection(SolutionProperties) = preSolution
		HideSolutionNode = FALSE
	EndGlobalSection
	GlobalSection(ExtensibilityGlobals) = postSolution
		SolutionGuid = {BD4F76D3-2355-49FB-BB7D-B6805AA2DEF6}
	EndGlobalSection
EndGlobal
